	<Project xmlns="http://schemas.microsoft.com/developer/msbuild/2003">
		<PropertyGroup>
			<ProjectGuid>{A2AE44F0-DF95-4450-AA8D-EF7BA04CDC4E}</ProjectGuid>
			<MainSource>sem2reader.dpr</MainSource>
			<Base>True</Base>
			<Config Condition="'$(Config)'==''">Debug</Config>
			<TargetedPlatforms>1</TargetedPlatforms>
			<AppType>Application</AppType>
			<FrameworkType>VCL</FrameworkType>
			<ProjectVersion>13.4</ProjectVersion>
			<Platform Condition="'$(Platform)'==''">Win32</Platform>
		</PropertyGroup>
		<PropertyGroup Condition="'$(Config)'=='Base' or '$(Base)'!=''">
			<Base>true</Base>
		</PropertyGroup>
		<PropertyGroup Condition="('$(Platform)'=='Win64' and '$(Base)'=='true') or '$(Base_Win64)'!=''">
			<Base_Win64>true</Base_Win64>
			<CfgParent>Base</CfgParent>
			<Base>true</Base>
		</PropertyGroup>
		<PropertyGroup Condition="('$(Platform)'=='Win32' and '$(Base)'=='true') or '$(Base_Win32)'!=''">
			<Base_Win32>true</Base_Win32>
			<CfgParent>Base</CfgParent>
			<Base>true</Base>
		</PropertyGroup>
		<PropertyGroup Condition="'$(Config)'=='Release' or '$(Cfg_1)'!=''">
			<Cfg_1>true</Cfg_1>
			<CfgParent>Base</CfgParent>
			<Base>true</Base>
		</PropertyGroup>
		<PropertyGroup Condition="'$(Config)'=='Debug' or '$(Cfg_2)'!=''">
			<Cfg_2>true</Cfg_2>
			<CfgParent>Base</CfgParent>
			<Base>true</Base>
		</PropertyGroup>
		<PropertyGroup Condition="'$(Base)'!=''">
			<DCC_PentiumSafeDivide>true</DCC_PentiumSafeDivide>
			<DCC_UNSAFE_CAST>true</DCC_UNSAFE_CAST>
			<VerInfo_IncludeVerInfo>true</VerInfo_IncludeVerInfo>
			<VerInfo_Build>219</VerInfo_Build>
			<VerInfo_AutoGenVersion>true</VerInfo_AutoGenVersion>
			<DCC_Namespace>Vcl;Vcl.Imaging;Vcl.Touch;Vcl.Samples;Vcl.Shell;System;Xml;Data;Datasnap;Web;Soap;Winapi;$(DCC_Namespace)</DCC_Namespace>
			<DCC_WriteableConstants>true</DCC_WriteableConstants>
			<DCC_RangeChecking>true</DCC_RangeChecking>
			<DCC_UNSAFE_CODE>true</DCC_UNSAFE_CODE>
			<DCC_UNSAFE_TYPE>true</DCC_UNSAFE_TYPE>
			<DCC_ImageBase>00400000</DCC_ImageBase>
			<DCC_F>false</DCC_F>
			<DCC_E>false</DCC_E>
			<DCC_K>false</DCC_K>
			<DCC_S>false</DCC_S>
			<DCC_N>true</DCC_N>
			<VerInfo_Keys>CompanyName=;FileDescription=;FileVersion=1.0.0.219;InternalName=;LegalCopyright=;LegalTrademarks=;OriginalFilename=;ProductName=;ProductVersion=1.0.0.0;Comments=</VerInfo_Keys>
			<DCC_UsePackage>vclx30;VCL30;inetdb30;inet30;vcldb30;vcldbx30;VclSmp30;Qrpt30;teeui30;teedb30;tee30;dss30;IBEVNT30;RxCtl;RxDB;RxTools;A302_R30;E108_R30;E108BR30;o307_r30;O307br30;$(DCC_UsePackage)</DCC_UsePackage>
			<DebugSourcePath>G:\Program Files\Borland.7\apro\source\;$(DebugSourcePath)</DebugSourcePath>
			<VerInfo_Locale>1049</VerInfo_Locale>
			<DCC_SymbolReferenceInfo>0</DCC_SymbolReferenceInfo>
		</PropertyGroup>
		<PropertyGroup Condition="'$(Base_Win64)'!=''">
			<Icon_MainIcon>sem2reader_Icon.ico</Icon_MainIcon>
		</PropertyGroup>
		<PropertyGroup Condition="'$(Base_Win32)'!=''">
			<VerInfo_IncludeVerInfo>true</VerInfo_IncludeVerInfo>
			<Icon_MainIcon>sem2reader_Icon.ico</Icon_MainIcon>
			<DCC_Namespace>Winapi;System.Win;Data.Win;Datasnap.Win;Web.Win;Soap.Win;Xml.Win;Bde;$(DCC_Namespace)</DCC_Namespace>
			<VerInfo_Locale>1033</VerInfo_Locale>
			<Manifest_File>$(BDS)\bin\default_app.manifest</Manifest_File>
			<VerInfo_Keys>CompanyName=;FileDescription=;FileVersion=1.0.0.0;InternalName=;LegalCopyright=;LegalTrademarks=;OriginalFilename=;ProductName=;ProductVersion=1.0.0.0;Comments=</VerInfo_Keys>
		</PropertyGroup>
		<PropertyGroup Condition="'$(Cfg_1)'!=''">
			<DCC_DebugInformation>false</DCC_DebugInformation>
			<DCC_LocalDebugSymbols>false</DCC_LocalDebugSymbols>
			<DCC_Define>RELEASE;$(DCC_Define)</DCC_Define>
		</PropertyGroup>
		<PropertyGroup Condition="'$(Cfg_2)'!=''">
			<DCC_Define>DEBUG;$(DCC_Define)</DCC_Define>
			<DCC_Optimize>false</DCC_Optimize>
			<DCC_GenerateStackFrames>true</DCC_GenerateStackFrames>
		</PropertyGroup>
		<ItemGroup>
			<DelphiCompile Include="$(MainSource)">
				<MainSource>MainSource</MainSource>
			</DelphiCompile>
			<DCCReference Include="basic.pas">
				<Form>frmBasic</Form>
			</DCCReference>
			<DCCReference Include="main.pas">
				<Form>frmMain</Form>
			</DCCReference>
			<DCCReference Include="borders.pas"/>
			<DCCReference Include="box.pas"/>
			<DCCReference Include="calendar.pas"/>
			<DCCReference Include="crc.pas"/>
			<DCCReference Include="get_border.pas"/>
			<DCCReference Include="get_calc1.pas"/>
			<DCCReference Include="get_calc2.pas"/>
			<DCCReference Include="get_canal_spec.pas"/>
			<DCCReference Include="get_cntcanmon.pas"/>
			<DCCReference Include="get_contacts3.pas"/>
			<DCCReference Include="get_control.pas"/>
			<DCCReference Include="get_correct.pas"/>
			<DCCReference Include="get_current.pas"/>
			<DCCReference Include="get_digit.pas"/>
			<DCCReference Include="get_digit_enbl.pas"/>
			<DCCReference Include="get_enggrpday.pas"/>
			<DCCReference Include="get_enggrpmon.pas"/>
			<DCCReference Include="get_esc.pas"/>
			<DCCReference Include="get_extended4.pas"/>
			<DCCReference Include="get_group.pas"/>
			<DCCReference Include="get_impcanday.pas"/>
			<DCCReference Include="get_impcanhou.pas"/>
			<DCCReference Include="get_impcanmnt.pas"/>
			<DCCReference Include="get_impcanmon.pas"/>
			<DCCReference Include="get_infogps.pas"/>
			<DCCReference Include="get_maxgrpday.pas"/>
			<DCCReference Include="get_maxgrpmon.pas"/>
			<DCCReference Include="get_params.pas"/>
			<DCCReference Include="get_phone.pas"/>
			<DCCReference Include="get_pulse_hou.pas"/>
			<DCCReference Include="get_recalc.pas"/>
			<DCCReference Include="get_records.pas"/>
			<DCCReference Include="get_relaxs.pas"/>
			<DCCReference Include="get_schedule.pas"/>
			<DCCReference Include="get_time.pas"/>
			<DCCReference Include="get_trans_eng.pas"/>
			<DCCReference Include="get_version.pas"/>
			<DCCReference Include="kernel.pas"/>
			<DCCReference Include="ports.pas"/>
			<DCCReference Include="progress.pas"/>
			<DCCReference Include="realz.pas"/>
			<DCCReference Include="sinput.pas"/>
			<DCCReference Include="soutput.pas"/>
			<DCCReference Include="support.pas"/>
			<DCCReference Include="terminal.pas"/>
			<DCCReference Include="timez.pas"/>
			<DCCReference Include="get_events.pas"/>
			<DCCReference Include="get_extended5.pas"/>
			<DCCReference Include="get_tariffs.pas"/>
			<DCCReference Include="get_infosmk.pas"/>
			<DCCReference Include="get_correct20.pas"/>
			<DCCReference Include="get_border2.pas"/>
			<DCCReference Include="get_version2.pas"/>
			<DCCReference Include="get_digit2.pas"/>
			<DCCReference Include="get_queryCF.pas"/>
			<DCCReference Include="get_queryFF19.pas"/>
			<DCCReference Include="get_phone2.pas"/>
			<DCCReference Include="get_port.pas"/>
			<DCCReference Include="get_correct21.pas"/>
			<DCCReference Include="get_ace.pas"/>
			<DCCReference Include="get_correct3.pas"/>
			<DCCReference Include="get_extended44.pas"/>
			<DCCReference Include="get_powcanhou.pas"/>
			<DCCReference Include="get_powgrphou.pas"/>
			<DCCReference Include="get_extended6.pas"/>
			<DCCReference Include="get_extended43.pas"/>
			<DCCReference Include="get_engcanday.pas"/>
			<DCCReference Include="get_engcanmon.pas"/>
			<DCCReference Include="get_border1.pas"/>
			<DCCReference Include="get_enggrphou.pas"/>
			<DCCReference Include="get_output_delay.pas"/>
			<DCCReference Include="ok.pas">
				<Form>frmOK</Form>
			</DCCReference>
			<DCCReference Include="yesno.pas">
				<Form>frmYesNo</Form>
			</DCCReference>
			<DCCReference Include="get_memory0.pas"/>
			<DCCReference Include="get_memory2.pas"/>
			<DCCReference Include="get_memory1.pas"/>
			<DCCReference Include="t_memory.pas"/>
			<DCCReference Include="get_memory23.pas"/>
			<DCCReference Include="get_memory22.pas"/>
			<DCCReference Include="get_memory21.pas"/>
			<DCCReference Include="get_memory12.pas"/>
			<DCCReference Include="get_correct_limit.pas"/>
			<DCCReference Include="get_link_errors.pas"/>
			<DCCReference Include="get_hou_check.pas"/>
			<DCCReference Include="get_defcanmon.pas"/>
			<DCCReference Include="get_defcanday.pas"/>
			<DCCReference Include="get_defgrpday.pas"/>
			<DCCReference Include="get_defgrpmon.pas"/>
			<DCCReference Include="get_defcanhou.pas"/>
			<DCCReference Include="get_defcanday2.pas"/>
			<DCCReference Include="get_defcanmon2.pas"/>
			<DCCReference Include="get_defgrpday2.pas"/>
			<DCCReference Include="get_defgrpmon2.pas"/>
			<DCCReference Include="get_enggrpday_def.pas"/>
			<DCCReference Include="get_enggrpmon_def.pas"/>
			<DCCReference Include="get_maxgrpday_def.pas"/>
			<DCCReference Include="get_maxgrpmon_def.pas"/>
			<DCCReference Include="get_enggrpprevhou_def.pas"/>
			<DCCReference Include="get_powgrpprevhou_def.pas"/>
			<DCCReference Include="borders2.pas"/>
			<DCCReference Include="get_params2.pas"/>
			<DCCReference Include="get_params3.pas"/>
			<DCCReference Include="get_diagram.pas"/>
			<DCCReference Include="get_gaps1.pas"/>
			<DCCReference Include="get_gaps2.pas"/>
			<DCCReference Include="get_gaps3.pas"/>
			<DCCReference Include="get_p79_errors.pas"/>
			<DCCReference Include="get_defgrphou.pas"/>
			<DCCReference Include="get_extended7.pas"/>
			<DCCReference Include="get_answer_disable.pas"/>
			<DCCReference Include="get_answer_enable.pas"/>
			<DCCReference Include="get_stat1.pas"/>
			<DCCReference Include="get_device23.pas"/>
			<DCCReference Include="get_overflow_hou.pas"/>
			<DCCReference Include="get_border3.pas"/>
			<DCCReference Include="get_decret.pas"/>
			<DCCReference Include="get_start.pas"/>
			<DCCReference Include="get_bulk.pas"/>
			<DCCReference Include="get_current4.pas"/>
			<DCCReference Include="get_records_map.pas"/>
			<DCCReference Include="get_checkup.pas"/>
			<DCCReference Include="get_checkup_events_day.pas"/>
			<DCCReference Include="get_checkup_hou.pas"/>
			<DCCReference Include="get_checkup_defects_day.pas"/>
			<DCCReference Include="get_checkup_events_mon.pas"/>
			<DCCReference Include="get_checkup_defects_mon.pas"/>
			<DCCReference Include="get_checkup_days.pas"/>
			<DCCReference Include="get_extended4t.pas"/>
			<DCCReference Include="get_enggrpday_x2.pas"/>
			<DCCReference Include="get_enggrpmon_x2.pas"/>
			<DCCReference Include="get_extended4t_x2.pas"/>
			<DCCReference Include="get_extended5_x2.pas"/>
			<DCCReference Include="get_extended4_x2.pas"/>
			<DCCReference Include="get_extended44_x2.pas"/>
			<DCCReference Include="get_engfrac1.pas"/>
			<DCCReference Include="get_engfrac2.pas"/>
			<DCCReference Include="get_memory3.pas"/>
			<DCCReference Include="get_extended6_x2.pas"/>
			<DCCReference Include="get_extended7_x2.pas"/>
			<DCCReference Include="get_errorlink.pas"/>
			<DCCReference Include="get_extended0.pas"/>
			<None Include="sem2reader.todo"/>
			<BuildConfiguration Include="Debug">
				<Key>Cfg_2</Key>
				<CfgParent>Base</CfgParent>
			</BuildConfiguration>
			<BuildConfiguration Include="Base">
				<Key>Base</Key>
			</BuildConfiguration>
			<BuildConfiguration Include="Release">
				<Key>Cfg_1</Key>
				<CfgParent>Base</CfgParent>
			</BuildConfiguration>
		</ItemGroup>
		<ProjectExtensions>
			<Borland.Personality>Delphi.Personality.12</Borland.Personality>
			<Borland.ProjectType/>
			<BorlandProject>
				<Delphi.Personality>
					<Source>
						<Source Name="MainSource">sem2reader.dpr</Source>
					</Source>
					<Language>
						<Language Name="ProjectLang">$00000419</Language>
					</Language>
					<VersionInfo>
						<VersionInfo Name="IncludeVerInfo">True</VersionInfo>
						<VersionInfo Name="AutoIncBuild">True</VersionInfo>
						<VersionInfo Name="MajorVer">1</VersionInfo>
						<VersionInfo Name="MinorVer">0</VersionInfo>
						<VersionInfo Name="Release">0</VersionInfo>
						<VersionInfo Name="Build">219</VersionInfo>
						<VersionInfo Name="Debug">False</VersionInfo>
						<VersionInfo Name="PreRelease">False</VersionInfo>
						<VersionInfo Name="Special">False</VersionInfo>
						<VersionInfo Name="Private">False</VersionInfo>
						<VersionInfo Name="DLL">False</VersionInfo>
						<VersionInfo Name="Locale">1049</VersionInfo>
						<VersionInfo Name="CodePage">1251</VersionInfo>
					</VersionInfo>
					<VersionInfoKeys>
						<VersionInfoKeys Name="CompanyName"/>
						<VersionInfoKeys Name="FileDescription"/>
						<VersionInfoKeys Name="FileVersion">1.0.0.219</VersionInfoKeys>
						<VersionInfoKeys Name="InternalName"/>
						<VersionInfoKeys Name="LegalCopyright"/>
						<VersionInfoKeys Name="LegalTrademarks"/>
						<VersionInfoKeys Name="OriginalFilename"/>
						<VersionInfoKeys Name="ProductName"/>
						<VersionInfoKeys Name="ProductVersion">1.0.0.0</VersionInfoKeys>
						<VersionInfoKeys Name="Comments"/>
					</VersionInfoKeys>
				</Delphi.Personality>
				<Platforms>
					<Platform value="Win64">False</Platform>
					<Platform value="Win32">True</Platform>
				</Platforms>
			</BorlandProject>
			<ProjectFileVersion>12</ProjectFileVersion>
		</ProjectExtensions>
		<Import Condition="Exists('$(BDS)\Bin\CodeGear.Delphi.Targets')" Project="$(BDS)\Bin\CodeGear.Delphi.Targets"/>
		<Import Condition="Exists('$(APPDATA)\Embarcadero\$(BDSAPPDATABASEDIR)\$(PRODUCTVERSION)\UserTools.proj')" Project="$(APPDATA)\Embarcadero\$(BDSAPPDATABASEDIR)\$(PRODUCTVERSION)\UserTools.proj"/>
	</Project>
